
Microsoft Visual Studio Solution File, Format Version 12.00
# Visual Studio Version 16
VisualStudioVersion = 16.0.31005.135
MinimumVisualStudioVersion = 10.0.40219.1
Project("{FAE04EC0-301F-11D3-BF4B-00C04F79EFBC}") = "testMSBuild", "testMSBuild\testMSBuild.csproj", "{28A3102E-269F-40BD-A138-A925FCCBC912}"
EndProject
Global
	GlobalSection(SolutionConfigurationPlatforms) = preSolution
		Debug|Any CPU = Debug|Any CPU
		Release|Any CPU = Release|Any CPU
	EndGlobalSection
	GlobalSection(ProjectConfigurationPlatforms) = postSolution
		{28A3102E-269F-40BD-A138-A925FCCBC912}.Debug|Any CPU.ActiveCfg = Debug|Any CPU
		{28A3102E-269F-40BD-A138-A925FCCBC912}.Debug|Any CPU.Build.0 = Debug|Any CPU
		{28A3102E-269F-40BD-A138-A925FCCBC912}.Release|Any CPU.ActiveCfg = Release|Any CPU
		{28A3102E-269F-40BD-A138-A925FCCBC912}.Release|Any CPU.Build.0 = Release|Any CPU
	EndGlobalSection
	GlobalSection(SolutionProperties) = preSolution
		HideSolutionNode = FALSE
	EndGlobalSection
	GlobalSection(ExtensibilityGlobals) = postSolution
		SolutionGuid = {0CA4321E-F5A6-4418-A478-E08A1A0744E4}
	EndGlobalSection
	GlobalSection(TeamFoundationVersionControl) = preSolution
		SccNumberOfProjects = 2
		SccEnterpriseProvider = {4CA58AB2-18FA-4F8D-95D4-32DDF27D184C}
		SccTeamFoundationServer = http://tfs:8080/tfs/defaultcollection
		SccLocalPath0 = .
		SccProjectUniqueName1 = testMSBuild\\testMSBuild.csproj
		SccProjectName1 = testMSBuild
		SccLocalPath1 = testMSBuild
	EndGlobalSection
EndGlobal
